{
  "name": "ietf-at",
  "version": "0.3.5",
  "lockfileVersion": 2,
  "requires": true,
  "packages": {
    "": {
      "name": "ietf-at",
      "version": "0.3.5",
      "license": "SEE LICENSE IN LICENSE",
      "dependencies": {
        "aasvg": "^0.1.8"
      }
    },
    "node_modules/aasvg": {
      "version": "0.1.8",
      "resolved": "https://registry.npmjs.org/aasvg/-/aasvg-0.1.8.tgz",
      "integrity": "sha512-/6QM+5PXRI4EiyuvGwB3ONbHjXX3MtC0oNWL9/1rstJmdthMWc8dBnhcySbhUXhVp5TifFwi7OF78PKS2M9yhA==",
      "bin": {
        "aasvg": "main.js"
      },
      "engines": {
        "node": ">=10"
      }
    }
  },
  "dependencies": {
    "aasvg": {
      "version": "0.1.8",
      "resolved": "https://registry.npmjs.org/aasvg/-/aasvg-0.1.8.tgz",
      "integrity": "sha512-/6QM+5PXRI4EiyuvGwB3ONbHjXX3MtC0oNWL9/1rstJmdthMWc8dBnhcySbhUXhVp5TifFwi7OF78PKS2M9yhA=="
    }
  }
}
