{
  "name": "author-tools",
  "version": "1.9.0",
  "lockfileVersion": 3,
  "requires": true,
  "packages": {
    "": {
      "name": "author-tools",
      "version": "1.9.0",
      "license": "SEE LICENSE IN LICENSE",
      "dependencies": {
        "aasvg": "^0.4.0"
      }
    },
    "node_modules/aasvg": {
      "version": "0.4.2",
      "resolved": "https://registry.npmjs.org/aasvg/-/aasvg-0.4.2.tgz",
      "integrity": "sha512-J0n4FYxi6jXkUcpP1vbCLUNs5qW40fQB46fDkTXfGPjiVW5Ua9jucI0oGvRG4PLX5eiyKzh5JGNYPLgobAawWA==",
      "license": "BSD",
      "bin": {
        "aasvg": "main.js"
      },
      "engines": {
        "node": ">=10"
      }
    }
  }
}
